// !$*UTF8*$!
{
	archiveVersion = 1;
	classes = {
	};
	objectVersion = 55;
	objects = {

/* Begin PBXBuildFile section */
		8FE2E2BF4A6623182BB5BC85 /* Pods_MusicNote.framework in Frameworks */ = {isa = PBXBuildFile; fileRef = 1DC59726B6F2188736268DF2 /* Pods_MusicNote.framework */; };
		A2203845270A9DA00026C30F /* model640x640.pt in Resources */ = {isa = PBXBuildFile; fileRef = A2203844270A9DA00026C30F /* model640x640.pt */; };
		A2517B6D27007A57009E14F7 /* MusicEditView.swift in Sources */ = {isa = PBXBuildFile; fileRef = A2517B6C27007A57009E14F7 /* MusicEditView.swift */; };
		A2517B7027007A66009E14F7 /* MusicListView.swift in Sources */ = {isa = PBXBuildFile; fileRef = A2517B6E27007A66009E14F7 /* MusicListView.swift */; };
		A2517B7127007A66009E14F7 /* LoginView.swift in Sources */ = {isa = PBXBuildFile; fileRef = A2517B6F27007A66009E14F7 /* LoginView.swift */; };
		A2517B7327007E72009E14F7 /* GoogleService-Info.plist in Resources */ = {isa = PBXBuildFile; fileRef = A2517B7227007E72009E14F7 /* GoogleService-Info.plist */; };
		A2640F0A2712F657003F2DDE /* SwiftyImage.swift in Sources */ = {isa = PBXBuildFile; fileRef = A2640F092712F657003F2DDE /* SwiftyImage.swift */; };
		A279A3A7270D0D54003BAD3E /* PrePostProcessor.swift in Sources */ = {isa = PBXBuildFile; fileRef = A279A3A6270D0D54003BAD3E /* PrePostProcessor.swift */; };
		A279A3A9270D0DE5003BAD3E /* UIImageExtension.swift in Sources */ = {isa = PBXBuildFile; fileRef = A279A3A8270D0DE5003BAD3E /* UIImageExtension.swift */; };
		A279A3AB270D0E3F003BAD3E /* UIViewExtension.swift in Sources */ = {isa = PBXBuildFile; fileRef = A279A3AA270D0E3F003BAD3E /* UIViewExtension.swift */; };
		A28D061327074BDA00B0D668 /* InferenceModule.mm in Sources */ = {isa = PBXBuildFile; fileRef = A28D061227074BDA00B0D668 /* InferenceModule.mm */; };
		A28EF43E270077D6005E75AE /* MusicNoteApp.swift in Sources */ = {isa = PBXBuildFile; fileRef = A28EF43D270077D6005E75AE /* MusicNoteApp.swift */; };
		A28EF440270077D6005E75AE /* ContentView.swift in Sources */ = {isa = PBXBuildFile; fileRef = A28EF43F270077D6005E75AE /* ContentView.swift */; };
		A28EF442270077D7005E75AE /* Assets.xcassets in Resources */ = {isa = PBXBuildFile; fileRef = A28EF441270077D7005E75AE /* Assets.xcassets */; };
		A28EF445270077D7005E75AE /* Preview Assets.xcassets in Resources */ = {isa = PBXBuildFile; fileRef = A28EF444270077D7005E75AE /* Preview Assets.xcassets */; };
		A29942D8271297EE0074B5DA /* testView.swift in Sources */ = {isa = PBXBuildFile; fileRef = A29942D7271297EE0074B5DA /* testView.swift */; };
		A29942DE2712A3C70074B5DA /* output.txt in Resources */ = {isa = PBXBuildFile; fileRef = A29942DD2712A3C70074B5DA /* output.txt */; };
/* End PBXBuildFile section */

/* Begin PBXFileReference section */
		1DC59726B6F2188736268DF2 /* Pods_MusicNote.framework */ = {isa = PBXFileReference; explicitFileType = wrapper.framework; includeInIndex = 0; path = Pods_MusicNote.framework; sourceTree = BUILT_PRODUCTS_DIR; };
		282499E1F0E5C62AF55D80F4 /* Pods-MusicNote.debug.xcconfig */ = {isa = PBXFileReference; includeInIndex = 1; lastKnownFileType = text.xcconfig; name = "Pods-MusicNote.debug.xcconfig"; path = "Target Support Files/Pods-MusicNote/Pods-MusicNote.debug.xcconfig"; sourceTree = "<group>"; };
		A2203844270A9DA00026C30F /* model640x640.pt */ = {isa = PBXFileReference; lastKnownFileType = file; path = model640x640.pt; sourceTree = "<group>"; };
		A24503AE270081F300AF568D /* MusicNote-Bridging-Header.h */ = {isa = PBXFileReference; lastKnownFileType = sourcecode.c.h; path = "MusicNote-Bridging-Header.h"; sourceTree = "<group>"; };
		A2517B6C27007A57009E14F7 /* MusicEditView.swift */ = {isa = PBXFileReference; fileEncoding = 4; lastKnownFileType = sourcecode.swift; path = MusicEditView.swift; sourceTree = "<group>"; };
		A2517B6E27007A66009E14F7 /* MusicListView.swift */ = {isa = PBXFileReference; fileEncoding = 4; lastKnownFileType = sourcecode.swift; path = MusicListView.swift; sourceTree = "<group>"; };
		A2517B6F27007A66009E14F7 /* LoginView.swift */ = {isa = PBXFileReference; fileEncoding = 4; lastKnownFileType = sourcecode.swift; path = LoginView.swift; sourceTree = "<group>"; };
		A2517B7227007E72009E14F7 /* GoogleService-Info.plist */ = {isa = PBXFileReference; fileEncoding = 4; lastKnownFileType = text.plist.xml; path = "GoogleService-Info.plist"; sourceTree = "<group>"; };
		A2640F092712F657003F2DDE /* SwiftyImage.swift */ = {isa = PBXFileReference; lastKnownFileType = sourcecode.swift; path = SwiftyImage.swift; sourceTree = "<group>"; };
		A279A3A6270D0D54003BAD3E /* PrePostProcessor.swift */ = {isa = PBXFileReference; lastKnownFileType = sourcecode.swift; path = PrePostProcessor.swift; sourceTree = "<group>"; };
		A279A3A8270D0DE5003BAD3E /* UIImageExtension.swift */ = {isa = PBXFileReference; lastKnownFileType = sourcecode.swift; path = UIImageExtension.swift; sourceTree = "<group>"; };
		A279A3AA270D0E3F003BAD3E /* UIViewExtension.swift */ = {isa = PBXFileReference; lastKnownFileType = sourcecode.swift; path = UIViewExtension.swift; sourceTree = "<group>"; };
		A28D061227074BDA00B0D668 /* InferenceModule.mm */ = {isa = PBXFileReference; lastKnownFileType = sourcecode.cpp.objcpp; path = InferenceModule.mm; sourceTree = "<group>"; };
		A28D061427074C0900B0D668 /* InferenceModule.h */ = {isa = PBXFileReference; lastKnownFileType = sourcecode.c.h; path = InferenceModule.h; sourceTree = "<group>"; };
		A28EF43A270077D6005E75AE /* MusicNote.app */ = {isa = PBXFileReference; explicitFileType = wrapper.application; includeInIndex = 0; path = MusicNote.app; sourceTree = BUILT_PRODUCTS_DIR; };
		A28EF43D270077D6005E75AE /* MusicNoteApp.swift */ = {isa = PBXFileReference; lastKnownFileType = sourcecode.swift; path = MusicNoteApp.swift; sourceTree = "<group>"; };
		A28EF43F270077D6005E75AE /* ContentView.swift */ = {isa = PBXFileReference; lastKnownFileType = sourcecode.swift; path = ContentView.swift; sourceTree = "<group>"; };
		A28EF441270077D7005E75AE /* Assets.xcassets */ = {isa = PBXFileReference; lastKnownFileType = folder.assetcatalog; path = Assets.xcassets; sourceTree = "<group>"; };
		A28EF444270077D7005E75AE /* Preview Assets.xcassets */ = {isa = PBXFileReference; lastKnownFileType = folder.assetcatalog; path = "Preview Assets.xcassets"; sourceTree = "<group>"; };
		A29942D7271297EE0074B5DA /* testView.swift */ = {isa = PBXFileReference; lastKnownFileType = sourcecode.swift; path = testView.swift; sourceTree = "<group>"; };
		A29942DD2712A3C70074B5DA /* output.txt */ = {isa = PBXFileReference; fileEncoding = 4; lastKnownFileType = text; path = output.txt; sourceTree = "<group>"; };
		BA19BB9EB532E1A1E7FF8CE2 /* Pods-MusicNote.release.xcconfig */ = {isa = PBXFileReference; includeInIndex = 1; lastKnownFileType = text.xcconfig; name = "Pods-MusicNote.release.xcconfig"; path = "Target Support Files/Pods-MusicNote/Pods-MusicNote.release.xcconfig"; sourceTree = "<group>"; };
/* End PBXFileReference section */

/* Begin PBXFrameworksBuildPhase section */
		A28EF437270077D6005E75AE /* Frameworks */ = {
			isa = PBXFrameworksBuildPhase;
			buildActionMask = 2147483647;
			files = (
				8FE2E2BF4A6623182BB5BC85 /* Pods_MusicNote.framework in Frameworks */,
			);
			runOnlyForDeploymentPostprocessing = 0;
		};
/* End PBXFrameworksBuildPhase section */

/* Begin PBXGroup section */
		2FE1778A3537FD8571A1E811 /* Frameworks */ = {
			isa = PBXGroup;
			children = (
				1DC59726B6F2188736268DF2 /* Pods_MusicNote.framework */,
			);
			name = Frameworks;
			sourceTree = "<group>";
		};
		6733202501AA9FBC4589485D /* Pods */ = {
			isa = PBXGroup;
			children = (
				282499E1F0E5C62AF55D80F4 /* Pods-MusicNote.debug.xcconfig */,
				BA19BB9EB532E1A1E7FF8CE2 /* Pods-MusicNote.release.xcconfig */,
			);
			path = Pods;
			sourceTree = "<group>";
		};
		A279A3A5270D0D2A003BAD3E /* util */ = {
			isa = PBXGroup;
			children = (
				A279A3A6270D0D54003BAD3E /* PrePostProcessor.swift */,
				A279A3A8270D0DE5003BAD3E /* UIImageExtension.swift */,
				A279A3AA270D0E3F003BAD3E /* UIViewExtension.swift */,
				A2640F092712F657003F2DDE /* SwiftyImage.swift */,
			);
			path = util;
			sourceTree = "<group>";
		};
		A28D06042705EA1200B0D668 /* model */ = {
			isa = PBXGroup;
			children = (
				A29942DD2712A3C70074B5DA /* output.txt */,
				A2203844270A9DA00026C30F /* model640x640.pt */,
			);
			path = model;
			sourceTree = "<group>";
		};
		A28D06052705EA2600B0D668 /* InferenceModule */ = {
			isa = PBXGroup;
			children = (
				A28D061227074BDA00B0D668 /* InferenceModule.mm */,
				A28D061427074C0900B0D668 /* InferenceModule.h */,
			);
			path = InferenceModule;
			sourceTree = "<group>";
		};
		A28EF431270077D6005E75AE = {
			isa = PBXGroup;
			children = (
				A24503AE270081F300AF568D /* MusicNote-Bridging-Header.h */,
				A28EF43C270077D6005E75AE /* MusicNote */,
				A28EF43B270077D6005E75AE /* Products */,
				6733202501AA9FBC4589485D /* Pods */,
				2FE1778A3537FD8571A1E811 /* Frameworks */,
			);
			sourceTree = "<group>";
		};
		A28EF43B270077D6005E75AE /* Products */ = {
			isa = PBXGroup;
			children = (
				A28EF43A270077D6005E75AE /* MusicNote.app */,
			);
			name = Products;
			sourceTree = "<group>";
		};
		A28EF43C270077D6005E75AE /* MusicNote */ = {
			isa = PBXGroup;
			children = (
				A279A3A5270D0D2A003BAD3E /* util */,
				A28D06052705EA2600B0D668 /* InferenceModule */,
				A28D06042705EA1200B0D668 /* model */,
				A28EF43D270077D6005E75AE /* MusicNoteApp.swift */,
				A28EF43F270077D6005E75AE /* ContentView.swift */,
				A2517B6C27007A57009E14F7 /* MusicEditView.swift */,
				A29942D7271297EE0074B5DA /* testView.swift */,
				A2517B6F27007A66009E14F7 /* LoginView.swift */,
				A2517B6E27007A66009E14F7 /* MusicListView.swift */,
				A2517B7227007E72009E14F7 /* GoogleService-Info.plist */,
				A28EF441270077D7005E75AE /* Assets.xcassets */,
				A28EF443270077D7005E75AE /* Preview Content */,
			);
			path = MusicNote;
			sourceTree = "<group>";
		};
		A28EF443270077D7005E75AE /* Preview Content */ = {
			isa = PBXGroup;
			children = (
				A28EF444270077D7005E75AE /* Preview Assets.xcassets */,
			);
			path = "Preview Content";
			sourceTree = "<group>";
		};
/* End PBXGroup section */

/* Begin PBXNativeTarget section */
		A28EF439270077D6005E75AE /* MusicNote */ = {
			isa = PBXNativeTarget;
			buildConfigurationList = A28EF448270077D7005E75AE /* Build configuration list for PBXNativeTarget "MusicNote" */;
			buildPhases = (
				DB92E3AF8023DFDD73B928EC /* [CP] Check Pods Manifest.lock */,
				A28EF436270077D6005E75AE /* Sources */,
				A28EF437270077D6005E75AE /* Frameworks */,
				A28EF438270077D6005E75AE /* Resources */,
				DEF0DFD02119516BC7B679D2 /* [CP] Embed Pods Frameworks */,
			);
			buildRules = (
			);
			dependencies = (
			);
			name = MusicNote;
			productName = MusicNote;
			productReference = A28EF43A270077D6005E75AE /* MusicNote.app */;
			productType = "com.apple.product-type.application";
		};
/* End PBXNativeTarget section */

/* Begin PBXProject section */
		A28EF432270077D6005E75AE /* Project object */ = {
			isa = PBXProject;
			attributes = {
				BuildIndependentTargetsInParallel = 1;
				LastSwiftUpdateCheck = 1300;
				LastUpgradeCheck = 1300;
				TargetAttributes = {
					A28EF439270077D6005E75AE = {
						CreatedOnToolsVersion = 13.0;
						LastSwiftMigration = 1300;
					};
				};
			};
			buildConfigurationList = A28EF435270077D6005E75AE /* Build configuration list for PBXProject "MusicNote" */;
			compatibilityVersion = "Xcode 13.0";
			developmentRegion = en;
			hasScannedForEncodings = 0;
			knownRegions = (
				en,
				Base,
			);
			mainGroup = A28EF431270077D6005E75AE;
			productRefGroup = A28EF43B270077D6005E75AE /* Products */;
			projectDirPath = "";
			projectRoot = "";
			targets = (
				A28EF439270077D6005E75AE /* MusicNote */,
			);
		};
/* End PBXProject section */

/* Begin PBXResourcesBuildPhase section */
		A28EF438270077D6005E75AE /* Resources */ = {
			isa = PBXResourcesBuildPhase;
			buildActionMask = 2147483647;
			files = (
				A2203845270A9DA00026C30F /* model640x640.pt in Resources */,
				A28EF445270077D7005E75AE /* Preview Assets.xcassets in Resources */,
				A28EF442270077D7005E75AE /* Assets.xcassets in Resources */,
				A29942DE2712A3C70074B5DA /* output.txt in Resources */,
				A2517B7327007E72009E14F7 /* GoogleService-Info.plist in Resources */,
			);
			runOnlyForDeploymentPostprocessing = 0;
		};
/* End PBXResourcesBuildPhase section */

/* Begin PBXShellScriptBuildPhase section */
		DB92E3AF8023DFDD73B928EC /* [CP] Check Pods Manifest.lock */ = {
			isa = PBXShellScriptBuildPhase;
			buildActionMask = 2147483647;
			files = (
			);
			inputFileListPaths = (
			);
			inputPaths = (
				"${PODS_PODFILE_DIR_PATH}/Podfile.lock",
				"${PODS_ROOT}/Manifest.lock",
			);
			name = "[CP] Check Pods Manifest.lock";
			outputFileListPaths = (
			);
			outputPaths = (
				"$(DERIVED_FILE_DIR)/Pods-MusicNote-checkManifestLockResult.txt",
			);
			runOnlyForDeploymentPostprocessing = 0;
			shellPath = /bin/sh;
			shellScript = "diff \"${PODS_PODFILE_DIR_PATH}/Podfile.lock\" \"${PODS_ROOT}/Manifest.lock\" > /dev/null\nif [ $? != 0 ] ; then\n    # print error to STDERR\n    echo \"error: The sandbox is not in sync with the Podfile.lock. Run 'pod install' or update your CocoaPods installation.\" >&2\n    exit 1\nfi\n# This output is used by Xcode 'outputs' to avoid re-running this script phase.\necho \"SUCCESS\" > \"${SCRIPT_OUTPUT_FILE_0}\"\n";
			showEnvVarsInLog = 0;
		};
		DEF0DFD02119516BC7B679D2 /* [CP] Embed Pods Frameworks */ = {
			isa = PBXShellScriptBuildPhase;
			buildActionMask = 2147483647;
			files = (
			);
			inputFileListPaths = (
				"${PODS_ROOT}/Target Support Files/Pods-MusicNote/Pods-MusicNote-frameworks-${CONFIGURATION}-input-files.xcfilelist",
			);
			name = "[CP] Embed Pods Frameworks";
			outputFileListPaths = (
				"${PODS_ROOT}/Target Support Files/Pods-MusicNote/Pods-MusicNote-frameworks-${CONFIGURATION}-output-files.xcfilelist",
			);
			runOnlyForDeploymentPostprocessing = 0;
			shellPath = /bin/sh;
			shellScript = "\"${PODS_ROOT}/Target Support Files/Pods-MusicNote/Pods-MusicNote-frameworks.sh\"\n";
			showEnvVarsInLog = 0;
		};
/* End PBXShellScriptBuildPhase section */

/* Begin PBXSourcesBuildPhase section */
		A28EF436270077D6005E75AE /* Sources */ = {
			isa = PBXSourcesBuildPhase;
			buildActionMask = 2147483647;
			files = (
				A2517B6D27007A57009E14F7 /* MusicEditView.swift in Sources */,
				A279A3A7270D0D54003BAD3E /* PrePostProcessor.swift in Sources */,
				A28EF440270077D6005E75AE /* ContentView.swift in Sources */,
				A2517B7027007A66009E14F7 /* MusicListView.swift in Sources */,
				A2640F0A2712F657003F2DDE /* SwiftyImage.swift in Sources */,
				A2517B7127007A66009E14F7 /* LoginView.swift in Sources */,
				A28EF43E270077D6005E75AE /* MusicNoteApp.swift in Sources */,
				A29942D8271297EE0074B5DA /* testView.swift in Sources */,
				A279A3AB270D0E3F003BAD3E /* UIViewExtension.swift in Sources */,
				A28D061327074BDA00B0D668 /* InferenceModule.mm in Sources */,
				A279A3A9270D0DE5003BAD3E /* UIImageExtension.swift in Sources */,
			);
			runOnlyForDeploymentPostprocessing = 0;
		};
/* End PBXSourcesBuildPhase section */

/* Begin XCBuildConfiguration section */
		A28EF446270077D7005E75AE /* Debug */ = {
			isa = XCBuildConfiguration;
			buildSettings = {
				ALWAYS_SEARCH_USER_PATHS = NO;
				CLANG_ANALYZER_NONNULL = YES;
				CLANG_ANALYZER_NUMBER_OBJECT_CONVERSION = YES_AGGRESSIVE;
				CLANG_CXX_LANGUAGE_STANDARD = "gnu++17";
				CLANG_CXX_LIBRARY = "libc++";
				CLANG_ENABLE_MODULES = YES;
				CLANG_ENABLE_OBJC_ARC = YES;
				CLANG_ENABLE_OBJC_WEAK = YES;
				CLANG_WARN_BLOCK_CAPTURE_AUTORELEASING = YES;
				CLANG_WARN_BOOL_CONVERSION = YES;
				CLANG_WARN_COMMA = YES;
				CLANG_WARN_CONSTANT_CONVERSION = YES;
				CLANG_WARN_DEPRECATED_OBJC_IMPLEMENTATIONS = YES;
				CLANG_WARN_DIRECT_OBJC_ISA_USAGE = YES_ERROR;
				CLANG_WARN_DOCUMENTATION_COMMENTS = YES;
				CLANG_WARN_EMPTY_BODY = YES;
				CLANG_WARN_ENUM_CONVERSION = YES;
				CLANG_WARN_INFINITE_RECURSION = YES;
				CLANG_WARN_INT_CONVERSION = YES;
				CLANG_WARN_NON_LITERAL_NULL_CONVERSION = YES;
				CLANG_WARN_OBJC_IMPLICIT_RETAIN_SELF = YES;
				CLANG_WARN_OBJC_LITERAL_CONVERSION = YES;
				CLANG_WARN_OBJC_ROOT_CLASS = YES_ERROR;
				CLANG_WARN_QUOTED_INCLUDE_IN_FRAMEWORK_HEADER = YES;
				CLANG_WARN_RANGE_LOOP_ANALYSIS = YES;
				CLANG_WARN_STRICT_PROTOTYPES = YES;
				CLANG_WARN_SUSPICIOUS_MOVE = YES;
				CLANG_WARN_UNGUARDED_AVAILABILITY = YES_AGGRESSIVE;
				CLANG_WARN_UNREACHABLE_CODE = YES;
				CLANG_WARN__DUPLICATE_METHOD_MATCH = YES;
				COPY_PHASE_STRIP = NO;
				DEBUG_INFORMATION_FORMAT = dwarf;
				ENABLE_STRICT_OBJC_MSGSEND = YES;
				ENABLE_TESTABILITY = YES;
				GCC_C_LANGUAGE_STANDARD = gnu11;
				GCC_DYNAMIC_NO_PIC = NO;
				GCC_NO_COMMON_BLOCKS = YES;
				GCC_OPTIMIZATION_LEVEL = 0;
				GCC_PREPROCESSOR_DEFINITIONS = (
					"DEBUG=1",
					"$(inherited)",
				);
				GCC_WARN_64_TO_32_BIT_CONVERSION = YES;
				GCC_WARN_ABOUT_RETURN_TYPE = YES_ERROR;
				GCC_WARN_UNDECLARED_SELECTOR = YES;
				GCC_WARN_UNINITIALIZED_AUTOS = YES_AGGRESSIVE;
				GCC_WARN_UNUSED_FUNCTION = YES;
				GCC_WARN_UNUSED_VARIABLE = YES;
				IPHONEOS_DEPLOYMENT_TARGET = 15.0;
				MTL_ENABLE_DEBUG_INFO = INCLUDE_SOURCE;
				MTL_FAST_MATH = YES;
				ONLY_ACTIVE_ARCH = YES;
				SDKROOT = iphoneos;
				SWIFT_ACTIVE_COMPILATION_CONDITIONS = DEBUG;
				SWIFT_OPTIMIZATION_LEVEL = "-Onone";
			};
			name = Debug;
		};
		A28EF447270077D7005E75AE /* Release */ = {
			isa = XCBuildConfiguration;
			buildSettings = {
				ALWAYS_SEARCH_USER_PATHS = NO;
				CLANG_ANALYZER_NONNULL = YES;
				CLANG_ANALYZER_NUMBER_OBJECT_CONVERSION = YES_AGGRESSIVE;
				CLANG_CXX_LANGUAGE_STANDARD = "gnu++17";
				CLANG_CXX_LIBRARY = "libc++";
				CLANG_ENABLE_MODULES = YES;
				CLANG_ENABLE_OBJC_ARC = YES;
				CLANG_ENABLE_OBJC_WEAK = YES;
				CLANG_WARN_BLOCK_CAPTURE_AUTORELEASING = YES;
				CLANG_WARN_BOOL_CONVERSION = YES;
				CLANG_WARN_COMMA = YES;
				CLANG_WARN_CONSTANT_CONVERSION = YES;
				CLANG_WARN_DEPRECATED_OBJC_IMPLEMENTATIONS = YES;
				CLANG_WARN_DIRECT_OBJC_ISA_USAGE = YES_ERROR;
				CLANG_WARN_DOCUMENTATION_COMMENTS = YES;
				CLANG_WARN_EMPTY_BODY = YES;
				CLANG_WARN_ENUM_CONVERSION = YES;
				CLANG_WARN_INFINITE_RECURSION = YES;
				CLANG_WARN_INT_CONVERSION = YES;
				CLANG_WARN_NON_LITERAL_NULL_CONVERSION = YES;
				CLANG_WARN_OBJC_IMPLICIT_RETAIN_SELF = YES;
				CLANG_WARN_OBJC_LITERAL_CONVERSION = YES;
				CLANG_WARN_OBJC_ROOT_CLASS = YES_ERROR;
				CLANG_WARN_QUOTED_INCLUDE_IN_FRAMEWORK_HEADER = YES;
				CLANG_WARN_RANGE_LOOP_ANALYSIS = YES;
				CLANG_WARN_STRICT_PROTOTYPES = YES;
				CLANG_WARN_SUSPICIOUS_MOVE = YES;
				CLANG_WARN_UNGUARDED_AVAILABILITY = YES_AGGRESSIVE;
				CLANG_WARN_UNREACHABLE_CODE = YES;
				CLANG_WARN__DUPLICATE_METHOD_MATCH = YES;
				COPY_PHASE_STRIP = NO;
				DEBUG_INFORMATION_FORMAT = "dwarf-with-dsym";
				ENABLE_NS_ASSERTIONS = NO;
				ENABLE_STRICT_OBJC_MSGSEND = YES;
				GCC_C_LANGUAGE_STANDARD = gnu11;
				GCC_NO_COMMON_BLOCKS = YES;
				GCC_WARN_64_TO_32_BIT_CONVERSION = YES;
				GCC_WARN_ABOUT_RETURN_TYPE = YES_ERROR;
				GCC_WARN_UNDECLARED_SELECTOR = YES;
				GCC_WARN_UNINITIALIZED_AUTOS = YES_AGGRESSIVE;
				GCC_WARN_UNUSED_FUNCTION = YES;
				GCC_WARN_UNUSED_VARIABLE = YES;
				IPHONEOS_DEPLOYMENT_TARGET = 15.0;
				MTL_ENABLE_DEBUG_INFO = NO;
				MTL_FAST_MATH = YES;
				SDKROOT = iphoneos;
				SWIFT_COMPILATION_MODE = wholemodule;
				SWIFT_OPTIMIZATION_LEVEL = "-O";
				VALIDATE_PRODUCT = YES;
			};
			name = Release;
		};
		A28EF449270077D7005E75AE /* Debug */ = {
			isa = XCBuildConfiguration;
			baseConfigurationReference = 282499E1F0E5C62AF55D80F4 /* Pods-MusicNote.debug.xcconfig */;
			buildSettings = {
				ASSETCATALOG_COMPILER_APPICON_NAME = AppIcon;
				ASSETCATALOG_COMPILER_GLOBAL_ACCENT_COLOR_NAME = AccentColor;
				CLANG_ENABLE_MODULES = YES;
				CODE_SIGN_STYLE = Automatic;
				CURRENT_PROJECT_VERSION = 1;
				DEVELOPMENT_ASSET_PATHS = "\"MusicNote/Preview Content\"";
				DEVELOPMENT_TEAM = 4A8XGM73NS;
				ENABLE_BITCODE = NO;
				ENABLE_PREVIEWS = YES;
				GENERATE_INFOPLIST_FILE = YES;
				INFOPLIST_KEY_UIApplicationSceneManifest_Generation = YES;
				INFOPLIST_KEY_UIApplicationSupportsIndirectInputEvents = YES;
				INFOPLIST_KEY_UILaunchScreen_Generation = YES;
				INFOPLIST_KEY_UISupportedInterfaceOrientations_iPad = "UIInterfaceOrientationPortrait UIInterfaceOrientationPortraitUpsideDown UIInterfaceOrientationLandscapeLeft UIInterfaceOrientationLandscapeRight";
				INFOPLIST_KEY_UISupportedInterfaceOrientations_iPhone = "UIInterfaceOrientationPortrait UIInterfaceOrientationLandscapeLeft UIInterfaceOrientationLandscapeRight";
				INFOPLIST_KEY_UIUserInterfaceStyle = Light;
				IPHONEOS_DEPLOYMENT_TARGET = 14.0;
				LD_RUNPATH_SEARCH_PATHS = (
					"$(inherited)",
					"@executable_path/Frameworks",
				);
				MARKETING_VERSION = 1.0;
				PRODUCT_BUNDLE_IDENTIFIER = com.senitf.MusicNote;
				PRODUCT_NAME = "$(TARGET_NAME)";
				SWIFT_EMIT_LOC_STRINGS = YES;
				SWIFT_OBJC_BRIDGING_HEADER = "MusicNote-Bridging-Header.h";
				SWIFT_OPTIMIZATION_LEVEL = "-Onone";
				SWIFT_VERSION = 5.0;
				TARGETED_DEVICE_FAMILY = "1,2";
			};
			name = Debug;
		};
		A28EF44A270077D7005E75AE /* Release */ = {
			isa = XCBuildConfiguration;
			baseConfigurationReference = BA19BB9EB532E1A1E7FF8CE2 /* Pods-MusicNote.release.xcconfig */;
			buildSettings = {
				ASSETCATALOG_COMPILER_APPICON_NAME = AppIcon;
				ASSETCATALOG_COMPILER_GLOBAL_ACCENT_COLOR_NAME = AccentColor;
				CLANG_ENABLE_MODULES = YES;
				CODE_SIGN_STYLE = Automatic;
				CURRENT_PROJECT_VERSION = 1;
				DEVELOPMENT_ASSET_PATHS = "\"MusicNote/Preview Content\"";
				DEVELOPMENT_TEAM = 4A8XGM73NS;
				ENABLE_BITCODE = NO;
				ENABLE_PREVIEWS = YES;
				GENERATE_INFOPLIST_FILE = YES;
				INFOPLIST_KEY_UIApplicationSceneManifest_Generation = YES;
				INFOPLIST_KEY_UIApplicationSupportsIndirectInputEvents = YES;
				INFOPLIST_KEY_UILaunchScreen_Generation = YES;
				INFOPLIST_KEY_UISupportedInterfaceOrientations_iPad = "UIInterfaceOrientationPortrait UIInterfaceOrientationPortraitUpsideDown UIInterfaceOrientationLandscapeLeft UIInterfaceOrientationLandscapeRight";
				INFOPLIST_KEY_UISupportedInterfaceOrientations_iPhone = "UIInterfaceOrientationPortrait UIInterfaceOrientationLandscapeLeft UIInterfaceOrientationLandscapeRight";
				INFOPLIST_KEY_UIUserInterfaceStyle = Light;
				IPHONEOS_DEPLOYMENT_TARGET = 14.0;
				LD_RUNPATH_SEARCH_PATHS = (
					"$(inherited)",
					"@executable_path/Frameworks",
				);
				MARKETING_VERSION = 1.0;
				PRODUCT_BUNDLE_IDENTIFIER = com.senitf.MusicNote;
				PRODUCT_NAME = "$(TARGET_NAME)";
				SWIFT_EMIT_LOC_STRINGS = YES;
				SWIFT_OBJC_BRIDGING_HEADER = "MusicNote-Bridging-Header.h";
				SWIFT_VERSION = 5.0;
				TARGETED_DEVICE_FAMILY = "1,2";
			};
			name = Release;
		};
/* End XCBuildConfiguration section */

/* Begin XCConfigurationList section */
		A28EF435270077D6005E75AE /* Build configuration list for PBXProject "MusicNote" */ = {
			isa = XCConfigurationList;
			buildConfigurations = (
				A28EF446270077D7005E75AE /* Debug */,
				A28EF447270077D7005E75AE /* Release */,
			);
			defaultConfigurationIsVisible = 0;
			defaultConfigurationName = Release;
		};
		A28EF448270077D7005E75AE /* Build configuration list for PBXNativeTarget "MusicNote" */ = {
			isa = XCConfigurationList;
			buildConfigurations = (
				A28EF449270077D7005E75AE /* Debug */,
				A28EF44A270077D7005E75AE /* Release */,
			);
			defaultConfigurationIsVisible = 0;
			defaultConfigurationName = Release;
		};
/* End XCConfigurationList section */
	};
	rootObject = A28EF432270077D6005E75AE /* Project object */;
}
