// !$*UTF8*$!
{
	archiveVersion = 1;
	classes = {
	};
	objectVersion = 51;
	objects = {

/* Begin PBXBuildFile section */
		8C47111C5BF0676E2B0B45F2 /* Pods_MusicPen.framework in Frameworks */ = {isa = PBXBuildFile; fileRef = 9BD1E34A7D3880665FA48854 /* Pods_MusicPen.framework */; };
		A21868D426C76137008D2FB0 /* GoogleService-Info.plist in Resources */ = {isa = PBXBuildFile; fileRef = A21868D326C76137008D2FB0 /* GoogleService-Info.plist */; };
		A2FB630D26C75F9200D9D939 /* AppDelegate.swift in Sources */ = {isa = PBXBuildFile; fileRef = A2FB630C26C75F9200D9D939 /* AppDelegate.swift */; };
		A2FB630F26C75F9200D9D939 /* SceneDelegate.swift in Sources */ = {isa = PBXBuildFile; fileRef = A2FB630E26C75F9200D9D939 /* SceneDelegate.swift */; };
		A2FB631326C75F9300D9D939 /* Assets.xcassets in Resources */ = {isa = PBXBuildFile; fileRef = A2FB631226C75F9300D9D939 /* Assets.xcassets */; };
		A2FB631626C75F9300D9D939 /* Preview Assets.xcassets in Resources */ = {isa = PBXBuildFile; fileRef = A2FB631526C75F9300D9D939 /* Preview Assets.xcassets */; };
		A2FB631926C75F9300D9D939 /* LaunchScreen.storyboard in Resources */ = {isa = PBXBuildFile; fileRef = A2FB631726C75F9300D9D939 /* LaunchScreen.storyboard */; };
		A2FB632526C75FBF00D9D939 /* LoginView.swift in Sources */ = {isa = PBXBuildFile; fileRef = A2FB632126C75FBF00D9D939 /* LoginView.swift */; };
		A2FB632626C75FBF00D9D939 /* MusicListView.swift in Sources */ = {isa = PBXBuildFile; fileRef = A2FB632226C75FBF00D9D939 /* MusicListView.swift */; };
		A2FB632726C75FBF00D9D939 /* MusicEditView.swift in Sources */ = {isa = PBXBuildFile; fileRef = A2FB632326C75FBF00D9D939 /* MusicEditView.swift */; };
/* End PBXBuildFile section */

/* Begin PBXFileReference section */
		88845D5E01D26F5F9BE13909 /* Pods-MusicPen.release.xcconfig */ = {isa = PBXFileReference; includeInIndex = 1; lastKnownFileType = text.xcconfig; name = "Pods-MusicPen.release.xcconfig"; path = "Target Support Files/Pods-MusicPen/Pods-MusicPen.release.xcconfig"; sourceTree = "<group>"; };
		9BD1E34A7D3880665FA48854 /* Pods_MusicPen.framework */ = {isa = PBXFileReference; explicitFileType = wrapper.framework; includeInIndex = 0; path = Pods_MusicPen.framework; sourceTree = BUILT_PRODUCTS_DIR; };
		A21868D326C76137008D2FB0 /* GoogleService-Info.plist */ = {isa = PBXFileReference; fileEncoding = 4; lastKnownFileType = text.plist.xml; path = "GoogleService-Info.plist"; sourceTree = "<group>"; };
		A2FB630926C75F9200D9D939 /* MusicPen.app */ = {isa = PBXFileReference; explicitFileType = wrapper.application; includeInIndex = 0; path = MusicPen.app; sourceTree = BUILT_PRODUCTS_DIR; };
		A2FB630C26C75F9200D9D939 /* AppDelegate.swift */ = {isa = PBXFileReference; lastKnownFileType = sourcecode.swift; path = AppDelegate.swift; sourceTree = "<group>"; };
		A2FB630E26C75F9200D9D939 /* SceneDelegate.swift */ = {isa = PBXFileReference; lastKnownFileType = sourcecode.swift; path = SceneDelegate.swift; sourceTree = "<group>"; };
		A2FB631226C75F9300D9D939 /* Assets.xcassets */ = {isa = PBXFileReference; lastKnownFileType = folder.assetcatalog; path = Assets.xcassets; sourceTree = "<group>"; };
		A2FB631526C75F9300D9D939 /* Preview Assets.xcassets */ = {isa = PBXFileReference; lastKnownFileType = folder.assetcatalog; path = "Preview Assets.xcassets"; sourceTree = "<group>"; };
		A2FB631826C75F9300D9D939 /* Base */ = {isa = PBXFileReference; lastKnownFileType = file.storyboard; name = Base; path = Base.lproj/LaunchScreen.storyboard; sourceTree = "<group>"; };
		A2FB631A26C75F9300D9D939 /* Info.plist */ = {isa = PBXFileReference; lastKnownFileType = text.plist.xml; path = Info.plist; sourceTree = "<group>"; };
		A2FB632126C75FBF00D9D939 /* LoginView.swift */ = {isa = PBXFileReference; fileEncoding = 4; lastKnownFileType = sourcecode.swift; path = LoginView.swift; sourceTree = "<group>"; };
		A2FB632226C75FBF00D9D939 /* MusicListView.swift */ = {isa = PBXFileReference; fileEncoding = 4; lastKnownFileType = sourcecode.swift; path = MusicListView.swift; sourceTree = "<group>"; };
		A2FB632326C75FBF00D9D939 /* MusicEditView.swift */ = {isa = PBXFileReference; fileEncoding = 4; lastKnownFileType = sourcecode.swift; path = MusicEditView.swift; sourceTree = "<group>"; };
		C349BCE99D38010CC175C846 /* Pods-MusicPen.debug.xcconfig */ = {isa = PBXFileReference; includeInIndex = 1; lastKnownFileType = text.xcconfig; name = "Pods-MusicPen.debug.xcconfig"; path = "Target Support Files/Pods-MusicPen/Pods-MusicPen.debug.xcconfig"; sourceTree = "<group>"; };
/* End PBXFileReference section */

/* Begin PBXFrameworksBuildPhase section */
		A2FB630626C75F9200D9D939 /* Frameworks */ = {
			isa = PBXFrameworksBuildPhase;
			buildActionMask = 2147483647;
			files = (
				8C47111C5BF0676E2B0B45F2 /* Pods_MusicPen.framework in Frameworks */,
			);
			runOnlyForDeploymentPostprocessing = 0;
		};
/* End PBXFrameworksBuildPhase section */

/* Begin PBXGroup section */
		049E6E9DE1B12CFA199FD7E4 /* Frameworks */ = {
			isa = PBXGroup;
			children = (
				9BD1E34A7D3880665FA48854 /* Pods_MusicPen.framework */,
			);
			name = Frameworks;
			sourceTree = "<group>";
		};
		A2FB630026C75F9200D9D939 = {
			isa = PBXGroup;
			children = (
				A2FB630B26C75F9200D9D939 /* MusicPen */,
				A2FB630A26C75F9200D9D939 /* Products */,
				D13C6D9943C66900F35EC474 /* Pods */,
				049E6E9DE1B12CFA199FD7E4 /* Frameworks */,
			);
			sourceTree = "<group>";
		};
		A2FB630A26C75F9200D9D939 /* Products */ = {
			isa = PBXGroup;
			children = (
				A2FB630926C75F9200D9D939 /* MusicPen.app */,
			);
			name = Products;
			sourceTree = "<group>";
		};
		A2FB630B26C75F9200D9D939 /* MusicPen */ = {
			isa = PBXGroup;
			children = (
				A2FB630C26C75F9200D9D939 /* AppDelegate.swift */,
				A2FB630E26C75F9200D9D939 /* SceneDelegate.swift */,
				A2FB632126C75FBF00D9D939 /* LoginView.swift */,
				A2FB632326C75FBF00D9D939 /* MusicEditView.swift */,
				A2FB632226C75FBF00D9D939 /* MusicListView.swift */,
				A2FB631226C75F9300D9D939 /* Assets.xcassets */,
				A2FB631726C75F9300D9D939 /* LaunchScreen.storyboard */,
				A21868D326C76137008D2FB0 /* GoogleService-Info.plist */,
				A2FB631A26C75F9300D9D939 /* Info.plist */,
				A2FB631426C75F9300D9D939 /* Preview Content */,
			);
			path = MusicPen;
			sourceTree = "<group>";
		};
		A2FB631426C75F9300D9D939 /* Preview Content */ = {
			isa = PBXGroup;
			children = (
				A2FB631526C75F9300D9D939 /* Preview Assets.xcassets */,
			);
			path = "Preview Content";
			sourceTree = "<group>";
		};
		D13C6D9943C66900F35EC474 /* Pods */ = {
			isa = PBXGroup;
			children = (
				C349BCE99D38010CC175C846 /* Pods-MusicPen.debug.xcconfig */,
				88845D5E01D26F5F9BE13909 /* Pods-MusicPen.release.xcconfig */,
			);
			path = Pods;
			sourceTree = "<group>";
		};
/* End PBXGroup section */

/* Begin PBXNativeTarget section */
		A2FB630826C75F9200D9D939 /* MusicPen */ = {
			isa = PBXNativeTarget;
			buildConfigurationList = A2FB631D26C75F9300D9D939 /* Build configuration list for PBXNativeTarget "MusicPen" */;
			buildPhases = (
				566F045297ACB4C7B0901AE4 /* [CP] Check Pods Manifest.lock */,
				A2FB630526C75F9200D9D939 /* Sources */,
				A2FB630626C75F9200D9D939 /* Frameworks */,
				A2FB630726C75F9200D9D939 /* Resources */,
				404CC3764F70577885E68116 /* [CP] Embed Pods Frameworks */,
			);
			buildRules = (
			);
			dependencies = (
			);
			name = MusicPen;
			productName = MusicPen;
			productReference = A2FB630926C75F9200D9D939 /* MusicPen.app */;
			productType = "com.apple.product-type.application";
		};
/* End PBXNativeTarget section */

/* Begin PBXProject section */
		A2FB630126C75F9200D9D939 /* Project object */ = {
			isa = PBXProject;
			attributes = {
				LastSwiftUpdateCheck = 1250;
				LastUpgradeCheck = 1250;
				TargetAttributes = {
					A2FB630826C75F9200D9D939 = {
						CreatedOnToolsVersion = 12.5.1;
					};
				};
			};
			buildConfigurationList = A2FB630426C75F9200D9D939 /* Build configuration list for PBXProject "MusicPen" */;
			compatibilityVersion = "Xcode 9.3";
			developmentRegion = en;
			hasScannedForEncodings = 0;
			knownRegions = (
				en,
				Base,
			);
			mainGroup = A2FB630026C75F9200D9D939;
			productRefGroup = A2FB630A26C75F9200D9D939 /* Products */;
			projectDirPath = "";
			projectRoot = "";
			targets = (
				A2FB630826C75F9200D9D939 /* MusicPen */,
			);
		};
/* End PBXProject section */

/* Begin PBXResourcesBuildPhase section */
		A2FB630726C75F9200D9D939 /* Resources */ = {
			isa = PBXResourcesBuildPhase;
			buildActionMask = 2147483647;
			files = (
				A2FB631926C75F9300D9D939 /* LaunchScreen.storyboard in Resources */,
				A21868D426C76137008D2FB0 /* GoogleService-Info.plist in Resources */,
				A2FB631626C75F9300D9D939 /* Preview Assets.xcassets in Resources */,
				A2FB631326C75F9300D9D939 /* Assets.xcassets in Resources */,
			);
			runOnlyForDeploymentPostprocessing = 0;
		};
/* End PBXResourcesBuildPhase section */

/* Begin PBXShellScriptBuildPhase section */
		404CC3764F70577885E68116 /* [CP] Embed Pods Frameworks */ = {
			isa = PBXShellScriptBuildPhase;
			buildActionMask = 2147483647;
			files = (
			);
			inputFileListPaths = (
				"${PODS_ROOT}/Target Support Files/Pods-MusicPen/Pods-MusicPen-frameworks-${CONFIGURATION}-input-files.xcfilelist",
			);
			name = "[CP] Embed Pods Frameworks";
			outputFileListPaths = (
				"${PODS_ROOT}/Target Support Files/Pods-MusicPen/Pods-MusicPen-frameworks-${CONFIGURATION}-output-files.xcfilelist",
			);
			runOnlyForDeploymentPostprocessing = 0;
			shellPath = /bin/sh;
			shellScript = "\"${PODS_ROOT}/Target Support Files/Pods-MusicPen/Pods-MusicPen-frameworks.sh\"\n";
			showEnvVarsInLog = 0;
		};
		566F045297ACB4C7B0901AE4 /* [CP] Check Pods Manifest.lock */ = {
			isa = PBXShellScriptBuildPhase;
			buildActionMask = 2147483647;
			files = (
			);
			inputFileListPaths = (
			);
			inputPaths = (
				"${PODS_PODFILE_DIR_PATH}/Podfile.lock",
				"${PODS_ROOT}/Manifest.lock",
			);
			name = "[CP] Check Pods Manifest.lock";
			outputFileListPaths = (
			);
			outputPaths = (
				"$(DERIVED_FILE_DIR)/Pods-MusicPen-checkManifestLockResult.txt",
			);
			runOnlyForDeploymentPostprocessing = 0;
			shellPath = /bin/sh;
			shellScript = "diff \"${PODS_PODFILE_DIR_PATH}/Podfile.lock\" \"${PODS_ROOT}/Manifest.lock\" > /dev/null\nif [ $? != 0 ] ; then\n    # print error to STDERR\n    echo \"error: The sandbox is not in sync with the Podfile.lock. Run 'pod install' or update your CocoaPods installation.\" >&2\n    exit 1\nfi\n# This output is used by Xcode 'outputs' to avoid re-running this script phase.\necho \"SUCCESS\" > \"${SCRIPT_OUTPUT_FILE_0}\"\n";
			showEnvVarsInLog = 0;
		};
/* End PBXShellScriptBuildPhase section */

/* Begin PBXSourcesBuildPhase section */
		A2FB630526C75F9200D9D939 /* Sources */ = {
			isa = PBXSourcesBuildPhase;
			buildActionMask = 2147483647;
			files = (
				A2FB630D26C75F9200D9D939 /* AppDelegate.swift in Sources */,
				A2FB632726C75FBF00D9D939 /* MusicEditView.swift in Sources */,
				A2FB632626C75FBF00D9D939 /* MusicListView.swift in Sources */,
				A2FB630F26C75F9200D9D939 /* SceneDelegate.swift in Sources */,
				A2FB632526C75FBF00D9D939 /* LoginView.swift in Sources */,
			);
			runOnlyForDeploymentPostprocessing = 0;
		};
/* End PBXSourcesBuildPhase section */

/* Begin PBXVariantGroup section */
		A2FB631726C75F9300D9D939 /* LaunchScreen.storyboard */ = {
			isa = PBXVariantGroup;
			children = (
				A2FB631826C75F9300D9D939 /* Base */,
			);
			name = LaunchScreen.storyboard;
			sourceTree = "<group>";
		};
/* End PBXVariantGroup section */

/* Begin XCBuildConfiguration section */
		A2FB631B26C75F9300D9D939 /* Debug */ = {
			isa = XCBuildConfiguration;
			buildSettings = {
				ALWAYS_SEARCH_USER_PATHS = NO;
				CLANG_ANALYZER_NONNULL = YES;
				CLANG_ANALYZER_NUMBER_OBJECT_CONVERSION = YES_AGGRESSIVE;
				CLANG_CXX_LANGUAGE_STANDARD = "gnu++14";
				CLANG_CXX_LIBRARY = "libc++";
				CLANG_ENABLE_MODULES = YES;
				CLANG_ENABLE_OBJC_ARC = YES;
				CLANG_ENABLE_OBJC_WEAK = YES;
				CLANG_WARN_BLOCK_CAPTURE_AUTORELEASING = YES;
				CLANG_WARN_BOOL_CONVERSION = YES;
				CLANG_WARN_COMMA = YES;
				CLANG_WARN_CONSTANT_CONVERSION = YES;
				CLANG_WARN_DEPRECATED_OBJC_IMPLEMENTATIONS = YES;
				CLANG_WARN_DIRECT_OBJC_ISA_USAGE = YES_ERROR;
				CLANG_WARN_DOCUMENTATION_COMMENTS = YES;
				CLANG_WARN_EMPTY_BODY = YES;
				CLANG_WARN_ENUM_CONVERSION = YES;
				CLANG_WARN_INFINITE_RECURSION = YES;
				CLANG_WARN_INT_CONVERSION = YES;
				CLANG_WARN_NON_LITERAL_NULL_CONVERSION = YES;
				CLANG_WARN_OBJC_IMPLICIT_RETAIN_SELF = YES;
				CLANG_WARN_OBJC_LITERAL_CONVERSION = YES;
				CLANG_WARN_OBJC_ROOT_CLASS = YES_ERROR;
				CLANG_WARN_QUOTED_INCLUDE_IN_FRAMEWORK_HEADER = YES;
				CLANG_WARN_RANGE_LOOP_ANALYSIS = YES;
				CLANG_WARN_STRICT_PROTOTYPES = YES;
				CLANG_WARN_SUSPICIOUS_MOVE = YES;
				CLANG_WARN_UNGUARDED_AVAILABILITY = YES_AGGRESSIVE;
				CLANG_WARN_UNREACHABLE_CODE = YES;
				CLANG_WARN__DUPLICATE_METHOD_MATCH = YES;
				COPY_PHASE_STRIP = NO;
				DEBUG_INFORMATION_FORMAT = dwarf;
				ENABLE_STRICT_OBJC_MSGSEND = YES;
				ENABLE_TESTABILITY = YES;
				GCC_C_LANGUAGE_STANDARD = gnu11;
				GCC_DYNAMIC_NO_PIC = NO;
				GCC_NO_COMMON_BLOCKS = YES;
				GCC_OPTIMIZATION_LEVEL = 0;
				GCC_PREPROCESSOR_DEFINITIONS = (
					"DEBUG=1",
					"$(inherited)",
				);
				GCC_WARN_64_TO_32_BIT_CONVERSION = YES;
				GCC_WARN_ABOUT_RETURN_TYPE = YES_ERROR;
				GCC_WARN_UNDECLARED_SELECTOR = YES;
				GCC_WARN_UNINITIALIZED_AUTOS = YES_AGGRESSIVE;
				GCC_WARN_UNUSED_FUNCTION = YES;
				GCC_WARN_UNUSED_VARIABLE = YES;
				IPHONEOS_DEPLOYMENT_TARGET = 14.5;
				MTL_ENABLE_DEBUG_INFO = INCLUDE_SOURCE;
				MTL_FAST_MATH = YES;
				ONLY_ACTIVE_ARCH = YES;
				SDKROOT = iphoneos;
				SWIFT_ACTIVE_COMPILATION_CONDITIONS = DEBUG;
				SWIFT_OPTIMIZATION_LEVEL = "-Onone";
			};
			name = Debug;
		};
		A2FB631C26C75F9300D9D939 /* Release */ = {
			isa = XCBuildConfiguration;
			buildSettings = {
				ALWAYS_SEARCH_USER_PATHS = NO;
				CLANG_ANALYZER_NONNULL = YES;
				CLANG_ANALYZER_NUMBER_OBJECT_CONVERSION = YES_AGGRESSIVE;
				CLANG_CXX_LANGUAGE_STANDARD = "gnu++14";
				CLANG_CXX_LIBRARY = "libc++";
				CLANG_ENABLE_MODULES = YES;
				CLANG_ENABLE_OBJC_ARC = YES;
				CLANG_ENABLE_OBJC_WEAK = YES;
				CLANG_WARN_BLOCK_CAPTURE_AUTORELEASING = YES;
				CLANG_WARN_BOOL_CONVERSION = YES;
				CLANG_WARN_COMMA = YES;
				CLANG_WARN_CONSTANT_CONVERSION = YES;
				CLANG_WARN_DEPRECATED_OBJC_IMPLEMENTATIONS = YES;
				CLANG_WARN_DIRECT_OBJC_ISA_USAGE = YES_ERROR;
				CLANG_WARN_DOCUMENTATION_COMMENTS = YES;
				CLANG_WARN_EMPTY_BODY = YES;
				CLANG_WARN_ENUM_CONVERSION = YES;
				CLANG_WARN_INFINITE_RECURSION = YES;
				CLANG_WARN_INT_CONVERSION = YES;
				CLANG_WARN_NON_LITERAL_NULL_CONVERSION = YES;
				CLANG_WARN_OBJC_IMPLICIT_RETAIN_SELF = YES;
				CLANG_WARN_OBJC_LITERAL_CONVERSION = YES;
				CLANG_WARN_OBJC_ROOT_CLASS = YES_ERROR;
				CLANG_WARN_QUOTED_INCLUDE_IN_FRAMEWORK_HEADER = YES;
				CLANG_WARN_RANGE_LOOP_ANALYSIS = YES;
				CLANG_WARN_STRICT_PROTOTYPES = YES;
				CLANG_WARN_SUSPICIOUS_MOVE = YES;
				CLANG_WARN_UNGUARDED_AVAILABILITY = YES_AGGRESSIVE;
				CLANG_WARN_UNREACHABLE_CODE = YES;
				CLANG_WARN__DUPLICATE_METHOD_MATCH = YES;
				COPY_PHASE_STRIP = NO;
				DEBUG_INFORMATION_FORMAT = "dwarf-with-dsym";
				ENABLE_NS_ASSERTIONS = NO;
				ENABLE_STRICT_OBJC_MSGSEND = YES;
				GCC_C_LANGUAGE_STANDARD = gnu11;
				GCC_NO_COMMON_BLOCKS = YES;
				GCC_WARN_64_TO_32_BIT_CONVERSION = YES;
				GCC_WARN_ABOUT_RETURN_TYPE = YES_ERROR;
				GCC_WARN_UNDECLARED_SELECTOR = YES;
				GCC_WARN_UNINITIALIZED_AUTOS = YES_AGGRESSIVE;
				GCC_WARN_UNUSED_FUNCTION = YES;
				GCC_WARN_UNUSED_VARIABLE = YES;
				IPHONEOS_DEPLOYMENT_TARGET = 14.5;
				MTL_ENABLE_DEBUG_INFO = NO;
				MTL_FAST_MATH = YES;
				SDKROOT = iphoneos;
				SWIFT_COMPILATION_MODE = wholemodule;
				SWIFT_OPTIMIZATION_LEVEL = "-O";
				VALIDATE_PRODUCT = YES;
			};
			name = Release;
		};
		A2FB631E26C75F9300D9D939 /* Debug */ = {
			isa = XCBuildConfiguration;
			baseConfigurationReference = C349BCE99D38010CC175C846 /* Pods-MusicPen.debug.xcconfig */;
			buildSettings = {
				ASSETCATALOG_COMPILER_APPICON_NAME = AppIcon;
				ASSETCATALOG_COMPILER_GLOBAL_ACCENT_COLOR_NAME = AccentColor;
				CODE_SIGN_STYLE = Automatic;
				DEVELOPMENT_ASSET_PATHS = "\"MusicPen/Preview Content\"";
				DEVELOPMENT_TEAM = 4A8XGM73NS;
				ENABLE_PREVIEWS = YES;
				INFOPLIST_FILE = MusicPen/Info.plist;
				LD_RUNPATH_SEARCH_PATHS = (
					"$(inherited)",
					"@executable_path/Frameworks",
				);
				PRODUCT_BUNDLE_IDENTIFIER = com.senitf.MusicPen;
				PRODUCT_NAME = "$(TARGET_NAME)";
				SWIFT_VERSION = 5.0;
				TARGETED_DEVICE_FAMILY = "1,2";
			};
			name = Debug;
		};
		A2FB631F26C75F9300D9D939 /* Release */ = {
			isa = XCBuildConfiguration;
			baseConfigurationReference = 88845D5E01D26F5F9BE13909 /* Pods-MusicPen.release.xcconfig */;
			buildSettings = {
				ASSETCATALOG_COMPILER_APPICON_NAME = AppIcon;
				ASSETCATALOG_COMPILER_GLOBAL_ACCENT_COLOR_NAME = AccentColor;
				CODE_SIGN_STYLE = Automatic;
				DEVELOPMENT_ASSET_PATHS = "\"MusicPen/Preview Content\"";
				DEVELOPMENT_TEAM = 4A8XGM73NS;
				ENABLE_PREVIEWS = YES;
				INFOPLIST_FILE = MusicPen/Info.plist;
				LD_RUNPATH_SEARCH_PATHS = (
					"$(inherited)",
					"@executable_path/Frameworks",
				);
				PRODUCT_BUNDLE_IDENTIFIER = com.senitf.MusicPen;
				PRODUCT_NAME = "$(TARGET_NAME)";
				SWIFT_VERSION = 5.0;
				TARGETED_DEVICE_FAMILY = "1,2";
			};
			name = Release;
		};
/* End XCBuildConfiguration section */

/* Begin XCConfigurationList section */
		A2FB630426C75F9200D9D939 /* Build configuration list for PBXProject "MusicPen" */ = {
			isa = XCConfigurationList;
			buildConfigurations = (
				A2FB631B26C75F9300D9D939 /* Debug */,
				A2FB631C26C75F9300D9D939 /* Release */,
			);
			defaultConfigurationIsVisible = 0;
			defaultConfigurationName = Release;
		};
		A2FB631D26C75F9300D9D939 /* Build configuration list for PBXNativeTarget "MusicPen" */ = {
			isa = XCConfigurationList;
			buildConfigurations = (
				A2FB631E26C75F9300D9D939 /* Debug */,
				A2FB631F26C75F9300D9D939 /* Release */,
			);
			defaultConfigurationIsVisible = 0;
			defaultConfigurationName = Release;
		};
/* End XCConfigurationList section */
	};
	rootObject = A2FB630126C75F9200D9D939 /* Project object */;
}
